{
  "name": "campagnodon",
  "lockfileVersion": 3,
  "requires": true,
  "packages": {
    "": {
      "devDependencies": {
        "altcha": "^1.0.5"
      }
    },
    "node_modules/@altcha/crypto": {
      "version": "0.0.1",
      "resolved": "https://registry.npmjs.org/@altcha/crypto/-/crypto-0.0.1.tgz",
      "integrity": "sha512-qZMdnoD3lAyvfSUMNtC2adRi666Pxdcw9zqfMU5qBOaJWqpN9K+eqQGWqeiKDMqL0SF+EytNG4kR/Pr/99GJ6g==",
      "dev": true,
      "license": "MIT"
    },
    "node_modules/@rollup/rollup-linux-x64-gnu": {
      "version": "4.18.0",
      "resolved": "https://registry.npmjs.org/@rollup/rollup-linux-x64-gnu/-/rollup-linux-x64-gnu-4.18.0.tgz",
      "integrity": "sha512-xuglR2rBVHA5UsI8h8UbX4VJ470PtGCf5Vpswh7p2ukaqBGFTnsfzxUBetoWBWymHMxbIG0Cmx7Y9qDZzr648w==",
      "cpu": [
        "x64"
      ],
      "dev": true,
      "license": "MIT",
      "optional": true,
      "os": [
        "linux"
      ]
    },
    "node_modules/altcha": {
      "version": "1.0.5",
      "resolved": "https://registry.npmjs.org/altcha/-/altcha-1.0.5.tgz",
      "integrity": "sha512-+u5nrWaidIReedDtnAU8FPVsOySvFyi/KlPNtYmaWXp/RIiURWhrg3u6YJmCwSoiOoo5D40099pJGC8bJD+Klw==",
      "dev": true,
      "hasInstallScript": true,
      "license": "MIT",
      "dependencies": {
        "@altcha/crypto": "^0.0.1"
      },
      "optionalDependencies": {
        "@rollup/rollup-linux-x64-gnu": "4.18.0"
      }
    }
  }
}
